// !$*UTF8*$!
{
	archiveVersion = 1;
	classes = {
	};
	objectVersion = 46;
	objects = {

/* Begin PBXBuildFile section */
		0208AF7E1AD6FF0D00A977FD /* EncrytionFramework.m in Sources */ = {isa = PBXBuildFile; fileRef = 021AE2E71A7D6F9700DF13F0 /* EncrytionFramework.m */; };
		0208AF7F1AD6FF0D00A977FD /* Clear.c in Sources */ = {isa = PBXBuildFile; fileRef = 026B4DB91AA7A4B5002DB3C6 /* Clear.c */; };
		0208AF801AD6FF0D00A977FD /* Ceasar.c in Sources */ = {isa = PBXBuildFile; fileRef = 021AE2EA1A7D708E00DF13F0 /* Ceasar.c */; };
		0208AF811AD6FF0D00A977FD /* Affine.c in Sources */ = {isa = PBXBuildFile; fileRef = 021AE2ED1A7D76FD00DF13F0 /* Affine.c */; };
		0208AF821AD6FF0D00A977FD /* SimpleSub.c in Sources */ = {isa = PBXBuildFile; fileRef = 021AE2F01A7D7B9F00DF13F0 /* SimpleSub.c */; };
		0208AF831AD6FF0D00A977FD /* Vigenere.c in Sources */ = {isa = PBXBuildFile; fileRef = 02CA73861AA4B2EB00FBFDF0 /* Vigenere.c */; };
		021AE2E81A7D6F9700DF13F0 /* EncrytionFramework.m in Sources */ = {isa = PBXBuildFile; fileRef = 021AE2E71A7D6F9700DF13F0 /* EncrytionFramework.m */; };
		021AE2EC1A7D708E00DF13F0 /* Ceasar.c in Sources */ = {isa = PBXBuildFile; fileRef = 021AE2EA1A7D708E00DF13F0 /* Ceasar.c */; };
		021AE2EF1A7D76FD00DF13F0 /* Affine.c in Sources */ = {isa = PBXBuildFile; fileRef = 021AE2ED1A7D76FD00DF13F0 /* Affine.c */; };
		021AE2F21A7D7B9F00DF13F0 /* SimpleSub.c in Sources */ = {isa = PBXBuildFile; fileRef = 021AE2F01A7D7B9F00DF13F0 /* SimpleSub.c */; };
		02605E3A1A86728400D3BF81 /* LocalAuthentication.framework in Frameworks */ = {isa = PBXBuildFile; fileRef = 02605E381A86726B00D3BF81 /* LocalAuthentication.framework */; };
		026B4DBB1AA7A4B5002DB3C6 /* Clear.c in Sources */ = {isa = PBXBuildFile; fileRef = 026B4DB91AA7A4B5002DB3C6 /* Clear.c */; };
		026B4DBC1AA7A528002DB3C6 /* Clear.c in Sources */ = {isa = PBXBuildFile; fileRef = 026B4DB91AA7A4B5002DB3C6 /* Clear.c */; };
		026B4DBF1AA7A5E1002DB3C6 /* Enigma.xcdatamodeld in Sources */ = {isa = PBXBuildFile; fileRef = 026B4DBD1AA7A5E1002DB3C6 /* Enigma.xcdatamodeld */; };
		0285437B1AEC41BF0014EB93 /* QRScanViewController.m in Sources */ = {isa = PBXBuildFile; fileRef = 0285437A1AEC41BF0014EB93 /* QRScanViewController.m */; };
		0285437D1AEC41D60014EB93 /* AVFoundation.framework in Frameworks */ = {isa = PBXBuildFile; fileRef = 0285437C1AEC41D60014EB93 /* AVFoundation.framework */; };
		0292270A1A71D9D900A7DD81 /* AppDelegate.swift in Sources */ = {isa = PBXBuildFile; fileRef = 029227091A71D9D900A7DD81 /* AppDelegate.swift */; };
		0292270F1A71D9D900A7DD81 /* Main.storyboard in Resources */ = {isa = PBXBuildFile; fileRef = 0292270D1A71D9D900A7DD81 /* Main.storyboard */; };
		029227111A71D9D900A7DD81 /* Images.xcassets in Resources */ = {isa = PBXBuildFile; fileRef = 029227101A71D9D900A7DD81 /* Images.xcassets */; };
		029227141A71D9D900A7DD81 /* LaunchScreen.xib in Resources */ = {isa = PBXBuildFile; fileRef = 029227121A71D9D900A7DD81 /* LaunchScreen.xib */; };
		029227201A71D9D900A7DD81 /* EnigmaTests.swift in Sources */ = {isa = PBXBuildFile; fileRef = 0292271F1A71D9D900A7DD81 /* EnigmaTests.swift */; };
		02CA73881AA4B2EB00FBFDF0 /* Vigenere.c in Sources */ = {isa = PBXBuildFile; fileRef = 02CA73861AA4B2EB00FBFDF0 /* Vigenere.c */; };
		02CA73891AA4B82900FBFDF0 /* Vigenere.c in Sources */ = {isa = PBXBuildFile; fileRef = 02CA73861AA4B2EB00FBFDF0 /* Vigenere.c */; };
		02E38F2D1ACDEBFD002B77E6 /* AudioToolbox.framework in Frameworks */ = {isa = PBXBuildFile; fileRef = 02E38F2C1ACDEBFD002B77E6 /* AudioToolbox.framework */; };
		02E38F311ACEDB10002B77E6 /* AboutViewController.swift in Sources */ = {isa = PBXBuildFile; fileRef = 02E38F301ACEDB10002B77E6 /* AboutViewController.swift */; };
		02FF51AE1A854136009C76E6 /* PasscodeView.swift in Sources */ = {isa = PBXBuildFile; fileRef = 02FF51AD1A854136009C76E6 /* PasscodeView.swift */; };
		02FF51B01A854176009C76E6 /* PasscodeButton.swift in Sources */ = {isa = PBXBuildFile; fileRef = 02FF51AF1A854176009C76E6 /* PasscodeButton.swift */; };
		05211C501A72D16E00660739 /* KeyboardViewController.swift in Sources */ = {isa = PBXBuildFile; fileRef = 05211C4F1A72D16E00660739 /* KeyboardViewController.swift */; };
		05211C531A72D16E00660739 /* EnigmaKeyboard.appex in Embed App Extensions */ = {isa = PBXBuildFile; fileRef = 05211C4B1A72D16E00660739 /* EnigmaKeyboard.appex */; settings = {ATTRIBUTES = (RemoveHeadersOnCopy, ); }; };
		052FB5281AA810560049DF8A /* CoreDataStack.swift in Sources */ = {isa = PBXBuildFile; fileRef = 052FB5271AA810560049DF8A /* CoreDataStack.swift */; };
		052FB5291AA810610049DF8A /* Enigma.xcdatamodeld in Resources */ = {isa = PBXBuildFile; fileRef = 026B4DBD1AA7A5E1002DB3C6 /* Enigma.xcdatamodeld */; };
		052FB52A1AA810670049DF8A /* Enigma.xcdatamodeld in Sources */ = {isa = PBXBuildFile; fileRef = 026B4DBD1AA7A5E1002DB3C6 /* Enigma.xcdatamodeld */; };
		0531970B1AED8D5F005E5387 /* TouchDownGestureRecognizer.swift in Sources */ = {isa = PBXBuildFile; fileRef = 0531970A1AED8D5F005E5387 /* TouchDownGestureRecognizer.swift */; };
		056C3F841AC8AEDB00F1103F /* KeyboardView.swift in Sources */ = {isa = PBXBuildFile; fileRef = 056C3F831AC8AEDB00F1103F /* KeyboardView.swift */; };
		0572AA801AEB615800B788CA /* KeyboardTut.gif in Resources */ = {isa = PBXBuildFile; fileRef = 0572AA7E1AEB615800B788CA /* KeyboardTut.gif */; };
		0572AA811AEB615800B788CA /* ProfileTut.gif in Resources */ = {isa = PBXBuildFile; fileRef = 0572AA7F1AEB615800B788CA /* ProfileTut.gif */; };
		0572AA8D1AEB6FA300B788CA /* FLAnimatedImage.m in Sources */ = {isa = PBXBuildFile; fileRef = 0572AA8A1AEB6FA300B788CA /* FLAnimatedImage.m */; };
		0572AA8E1AEB6FA300B788CA /* FLAnimatedImageView.m in Sources */ = {isa = PBXBuildFile; fileRef = 0572AA8C1AEB6FA300B788CA /* FLAnimatedImageView.m */; };
		0572AA911AEC09C000B788CA /* EncryptDecryptPopupView.swift in Sources */ = {isa = PBXBuildFile; fileRef = 0572AA901AEC09C000B788CA /* EncryptDecryptPopupView.swift */; };
		057B4D461AD33FA200F0FECA /* LucidaGrande.ttf in Resources */ = {isa = PBXBuildFile; fileRef = 057B4D451AD33FA200F0FECA /* LucidaGrande.ttf */; };
		057B4D4A1AD3432D00F0FECA /* Quivira.otf in Resources */ = {isa = PBXBuildFile; fileRef = 057B4D491AD3432D00F0FECA /* Quivira.otf */; };
		0587D6811ACA7AFE00B02109 /* KeyboardButtons.xcassets in Resources */ = {isa = PBXBuildFile; fileRef = 0587D6801ACA7AFE00B02109 /* KeyboardButtons.xcassets */; };
		05AA7D5E1A840BE000C1B763 /* EncrytionFramework.m in Sources */ = {isa = PBXBuildFile; fileRef = 021AE2E71A7D6F9700DF13F0 /* EncrytionFramework.m */; };
		05AA7D5F1A840BE000C1B763 /* Ceasar.c in Sources */ = {isa = PBXBuildFile; fileRef = 021AE2EA1A7D708E00DF13F0 /* Ceasar.c */; };
		05AA7D611A840BE000C1B763 /* Affine.c in Sources */ = {isa = PBXBuildFile; fileRef = 021AE2ED1A7D76FD00DF13F0 /* Affine.c */; };
		05AA7D631A840BE000C1B763 /* SimpleSub.c in Sources */ = {isa = PBXBuildFile; fileRef = 021AE2F01A7D7B9F00DF13F0 /* SimpleSub.c */; };
		05C2F8111ACF9E4C00C2097E /* ProfileSwipeModelController.swift in Sources */ = {isa = PBXBuildFile; fileRef = 05C2F8101ACF9E4C00C2097E /* ProfileSwipeModelController.swift */; };
		05C2F8151ACF9FAB00C2097E /* ProfileSwipeViewController.swift in Sources */ = {isa = PBXBuildFile; fileRef = 05C2F8141ACF9FAB00C2097E /* ProfileSwipeViewController.swift */; };
		05C2F8171ACFA0CC00C2097E /* ProfileFetchModel.swift in Sources */ = {isa = PBXBuildFile; fileRef = 05C2F8161ACFA0CC00C2097E /* ProfileFetchModel.swift */; };
		05E3CA461AC62741000EDE84 /* Profiles.xib in Resources */ = {isa = PBXBuildFile; fileRef = 05E3CA451AC62741000EDE84 /* Profiles.xib */; };
		05E3CA951AC70C53000EDE84 /* ProfileTableView.swift in Sources */ = {isa = PBXBuildFile; fileRef = 05E3CA941AC70C53000EDE84 /* ProfileTableView.swift */; };
		05E726621ADB91AC009BF808 /* PopupKey.swift in Sources */ = {isa = PBXBuildFile; fileRef = 05E726611ADB91AC009BF808 /* PopupKey.swift */; };
		237399581A86C5E500A21FE0 /* SplitViewController.swift in Sources */ = {isa = PBXBuildFile; fileRef = 237399571A86C5E500A21FE0 /* SplitViewController.swift */; };
		2373995A1A86D28100A21FE0 /* TutorialPageViewController.swift in Sources */ = {isa = PBXBuildFile; fileRef = 237399591A86D28100A21FE0 /* TutorialPageViewController.swift */; };
		2373995C1A86D31700A21FE0 /* TutorialModelController.swift in Sources */ = {isa = PBXBuildFile; fileRef = 2373995B1A86D31700A21FE0 /* TutorialModelController.swift */; };
		2373995E1A89549100A21FE0 /* BlockButton.swift in Sources */ = {isa = PBXBuildFile; fileRef = 2373995D1A89549100A21FE0 /* BlockButton.swift */; };
		2389E12A1AD9D9D40063796B /* ShareViewController.swift in Sources */ = {isa = PBXBuildFile; fileRef = 2389E1291AD9D9D40063796B /* ShareViewController.swift */; };
		238DCD2C1A93DE2000E4D75B /* ProfileDetailHeaderView.swift in Sources */ = {isa = PBXBuildFile; fileRef = 238DCD2B1A93DE2000E4D75B /* ProfileDetailHeaderView.swift */; };
		238DCD2E1A93E30E00E4D75B /* ProfileDetailCell.swift in Sources */ = {isa = PBXBuildFile; fileRef = 238DCD2D1A93E30E00E4D75B /* ProfileDetailCell.swift */; };
		23ECC2D81A840A71000EB3CC /* TutorialViewController.swift in Sources */ = {isa = PBXBuildFile; fileRef = 23ECC2D71A840A71000EB3CC /* TutorialViewController.swift */; };
		23ECC2DC1A841323000EB3CC /* ProfileTableViewController.swift in Sources */ = {isa = PBXBuildFile; fileRef = 23ECC2DB1A841323000EB3CC /* ProfileTableViewController.swift */; };
		23ECC30E1A842DD0000EB3CC /* ProfileDetailViewController.swift in Sources */ = {isa = PBXBuildFile; fileRef = 23ECC30D1A842DD0000EB3CC /* ProfileDetailViewController.swift */; };
		23F4FC411AA79AC400284F16 /* SettingsViewController.swift in Sources */ = {isa = PBXBuildFile; fileRef = 23F4FC401AA79AC400284F16 /* SettingsViewController.swift */; };
/* End PBXBuildFile section */

/* Begin PBXContainerItemProxy section */
		0292271A1A71D9D900A7DD81 /* PBXContainerItemProxy */ = {
			isa = PBXContainerItemProxy;
			containerPortal = 029226FC1A71D9D900A7DD81 /* Project object */;
			proxyType = 1;
			remoteGlobalIDString = 029227031A71D9D900A7DD81;
			remoteInfo = Enigma;
		};
		05211C511A72D16E00660739 /* PBXContainerItemProxy */ = {
			isa = PBXContainerItemProxy;
			containerPortal = 029226FC1A71D9D900A7DD81 /* Project object */;
			proxyType = 1;
			remoteGlobalIDString = 05211C4A1A72D16E00660739;
			remoteInfo = EnigmaKeyboard;
		};
/* End PBXContainerItemProxy section */

/* Begin PBXCopyFilesBuildPhase section */
		05211C571A72D16E00660739 /* Embed App Extensions */ = {
			isa = PBXCopyFilesBuildPhase;
			buildActionMask = 2147483647;
			dstPath = "";
			dstSubfolderSpec = 13;
			files = (
				05211C531A72D16E00660739 /* EnigmaKeyboard.appex in Embed App Extensions */,
			);
			name = "Embed App Extensions";
			runOnlyForDeploymentPostprocessing = 0;
		};
/* End PBXCopyFilesBuildPhase section */

/* Begin PBXFileReference section */
		021AE2E51A7D6F9600DF13F0 /* Enigma-Bridging-Header.h */ = {isa = PBXFileReference; lastKnownFileType = sourcecode.c.h; path = "Enigma-Bridging-Header.h"; sourceTree = "<group>"; };
		021AE2E61A7D6F9700DF13F0 /* EncrytionFramework.h */ = {isa = PBXFileReference; fileEncoding = 4; lastKnownFileType = sourcecode.c.h; path = EncrytionFramework.h; sourceTree = "<group>"; };
		021AE2E71A7D6F9700DF13F0 /* EncrytionFramework.m */ = {isa = PBXFileReference; fileEncoding = 4; lastKnownFileType = sourcecode.c.objc; path = EncrytionFramework.m; sourceTree = "<group>"; };
		021AE2EA1A7D708E00DF13F0 /* Ceasar.c */ = {isa = PBXFileReference; fileEncoding = 4; lastKnownFileType = sourcecode.c.c; path = Ceasar.c; sourceTree = "<group>"; };
		021AE2EB1A7D708E00DF13F0 /* Ceasar.h */ = {isa = PBXFileReference; fileEncoding = 4; lastKnownFileType = sourcecode.c.h; path = Ceasar.h; sourceTree = "<group>"; };
		021AE2ED1A7D76FD00DF13F0 /* Affine.c */ = {isa = PBXFileReference; fileEncoding = 4; lastKnownFileType = sourcecode.c.c; path = Affine.c; sourceTree = "<group>"; };
		021AE2EE1A7D76FD00DF13F0 /* Affine.h */ = {isa = PBXFileReference; fileEncoding = 4; lastKnownFileType = sourcecode.c.h; path = Affine.h; sourceTree = "<group>"; };
		021AE2F01A7D7B9F00DF13F0 /* SimpleSub.c */ = {isa = PBXFileReference; fileEncoding = 4; lastKnownFileType = sourcecode.c.c; path = SimpleSub.c; sourceTree = "<group>"; };
		021AE2F11A7D7B9F00DF13F0 /* SimpleSub.h */ = {isa = PBXFileReference; fileEncoding = 4; lastKnownFileType = sourcecode.c.h; path = SimpleSub.h; sourceTree = "<group>"; };
		02605E381A86726B00D3BF81 /* LocalAuthentication.framework */ = {isa = PBXFileReference; lastKnownFileType = wrapper.framework; name = LocalAuthentication.framework; path = System/Library/Frameworks/LocalAuthentication.framework; sourceTree = SDKROOT; };
		026B4DB91AA7A4B5002DB3C6 /* Clear.c */ = {isa = PBXFileReference; fileEncoding = 4; lastKnownFileType = sourcecode.c.c; path = Clear.c; sourceTree = "<group>"; };
		026B4DBA1AA7A4B5002DB3C6 /* Clear.h */ = {isa = PBXFileReference; fileEncoding = 4; lastKnownFileType = sourcecode.c.h; path = Clear.h; sourceTree = "<group>"; };
		026B4DBE1AA7A5E1002DB3C6 /* Enigma.xcdatamodel */ = {isa = PBXFileReference; lastKnownFileType = wrapper.xcdatamodel; path = Enigma.xcdatamodel; sourceTree = "<group>"; };
		028543791AEC41BF0014EB93 /* QRScanViewController.h */ = {isa = PBXFileReference; fileEncoding = 4; lastKnownFileType = sourcecode.c.h; path = QRScanViewController.h; sourceTree = "<group>"; };
		0285437A1AEC41BF0014EB93 /* QRScanViewController.m */ = {isa = PBXFileReference; fileEncoding = 4; lastKnownFileType = sourcecode.c.objc; path = QRScanViewController.m; sourceTree = "<group>"; };
		0285437C1AEC41D60014EB93 /* AVFoundation.framework */ = {isa = PBXFileReference; lastKnownFileType = wrapper.framework; name = AVFoundation.framework; path = System/Library/Frameworks/AVFoundation.framework; sourceTree = SDKROOT; };
		029227041A71D9D900A7DD81 /* Enigma.app */ = {isa = PBXFileReference; explicitFileType = wrapper.application; includeInIndex = 0; path = Enigma.app; sourceTree = BUILT_PRODUCTS_DIR; };
		029227081A71D9D900A7DD81 /* Info.plist */ = {isa = PBXFileReference; lastKnownFileType = text.plist.xml; path = Info.plist; sourceTree = "<group>"; };
		029227091A71D9D900A7DD81 /* AppDelegate.swift */ = {isa = PBXFileReference; lastKnownFileType = sourcecode.swift; path = AppDelegate.swift; sourceTree = "<group>"; };
		0292270E1A71D9D900A7DD81 /* Base */ = {isa = PBXFileReference; lastKnownFileType = file.storyboard; name = Base; path = Base.lproj/Main.storyboard; sourceTree = "<group>"; };
		029227101A71D9D900A7DD81 /* Images.xcassets */ = {isa = PBXFileReference; lastKnownFileType = folder.assetcatalog; path = Images.xcassets; sourceTree = "<group>"; };
		029227131A71D9D900A7DD81 /* Base */ = {isa = PBXFileReference; lastKnownFileType = file.xib; name = Base; path = Base.lproj/LaunchScreen.xib; sourceTree = "<group>"; };
		029227191A71D9D900A7DD81 /* EnigmaTests.xctest */ = {isa = PBXFileReference; explicitFileType = wrapper.cfbundle; includeInIndex = 0; path = EnigmaTests.xctest; sourceTree = BUILT_PRODUCTS_DIR; };
		0292271E1A71D9D900A7DD81 /* Info.plist */ = {isa = PBXFileReference; lastKnownFileType = text.plist.xml; path = Info.plist; sourceTree = "<group>"; };
		0292271F1A71D9D900A7DD81 /* EnigmaTests.swift */ = {isa = PBXFileReference; lastKnownFileType = sourcecode.swift; path = EnigmaTests.swift; sourceTree = "<group>"; };
		02CA73861AA4B2EB00FBFDF0 /* Vigenere.c */ = {isa = PBXFileReference; fileEncoding = 4; lastKnownFileType = sourcecode.c.c; path = Vigenere.c; sourceTree = "<group>"; };
		02CA73871AA4B2EB00FBFDF0 /* Vigenere.h */ = {isa = PBXFileReference; fileEncoding = 4; lastKnownFileType = sourcecode.c.h; path = Vigenere.h; sourceTree = "<group>"; };
		02E38F2C1ACDEBFD002B77E6 /* AudioToolbox.framework */ = {isa = PBXFileReference; lastKnownFileType = wrapper.framework; name = AudioToolbox.framework; path = System/Library/Frameworks/AudioToolbox.framework; sourceTree = SDKROOT; };
		02E38F301ACEDB10002B77E6 /* AboutViewController.swift */ = {isa = PBXFileReference; fileEncoding = 4; lastKnownFileType = sourcecode.swift; path = AboutViewController.swift; sourceTree = "<group>"; };
		02FF51AD1A854136009C76E6 /* PasscodeView.swift */ = {isa = PBXFileReference; fileEncoding = 4; lastKnownFileType = sourcecode.swift; path = PasscodeView.swift; sourceTree = "<group>"; };
		02FF51AF1A854176009C76E6 /* PasscodeButton.swift */ = {isa = PBXFileReference; fileEncoding = 4; lastKnownFileType = sourcecode.swift; path = PasscodeButton.swift; sourceTree = "<group>"; };
		05211C4B1A72D16E00660739 /* EnigmaKeyboard.appex */ = {isa = PBXFileReference; explicitFileType = "wrapper.app-extension"; includeInIndex = 0; path = EnigmaKeyboard.appex; sourceTree = BUILT_PRODUCTS_DIR; };
		05211C4E1A72D16E00660739 /* Info.plist */ = {isa = PBXFileReference; lastKnownFileType = text.plist.xml; path = Info.plist; sourceTree = "<group>"; };
		05211C4F1A72D16E00660739 /* KeyboardViewController.swift */ = {isa = PBXFileReference; lastKnownFileType = sourcecode.swift; path = KeyboardViewController.swift; sourceTree = "<group>"; };
		052FB5271AA810560049DF8A /* CoreDataStack.swift */ = {isa = PBXFileReference; fileEncoding = 4; lastKnownFileType = sourcecode.swift; path = CoreDataStack.swift; sourceTree = "<group>"; };
		0531970A1AED8D5F005E5387 /* TouchDownGestureRecognizer.swift */ = {isa = PBXFileReference; fileEncoding = 4; lastKnownFileType = sourcecode.swift; path = TouchDownGestureRecognizer.swift; sourceTree = "<group>"; };
		056C3F831AC8AEDB00F1103F /* KeyboardView.swift */ = {isa = PBXFileReference; fileEncoding = 4; lastKnownFileType = sourcecode.swift; path = KeyboardView.swift; sourceTree = "<group>"; };
		0572AA7E1AEB615800B788CA /* KeyboardTut.gif */ = {isa = PBXFileReference; lastKnownFileType = image.gif; path = KeyboardTut.gif; sourceTree = "<group>"; };
		0572AA7F1AEB615800B788CA /* ProfileTut.gif */ = {isa = PBXFileReference; lastKnownFileType = image.gif; path = ProfileTut.gif; sourceTree = "<group>"; };
		0572AA891AEB6FA300B788CA /* FLAnimatedImage.h */ = {isa = PBXFileReference; fileEncoding = 4; lastKnownFileType = sourcecode.c.h; path = FLAnimatedImage.h; sourceTree = "<group>"; };
		0572AA8A1AEB6FA300B788CA /* FLAnimatedImage.m */ = {isa = PBXFileReference; fileEncoding = 4; lastKnownFileType = sourcecode.c.objc; path = FLAnimatedImage.m; sourceTree = "<group>"; };
		0572AA8B1AEB6FA300B788CA /* FLAnimatedImageView.h */ = {isa = PBXFileReference; fileEncoding = 4; lastKnownFileType = sourcecode.c.h; path = FLAnimatedImageView.h; sourceTree = "<group>"; };
		0572AA8C1AEB6FA300B788CA /* FLAnimatedImageView.m */ = {isa = PBXFileReference; fileEncoding = 4; lastKnownFileType = sourcecode.c.objc; path = FLAnimatedImageView.m; sourceTree = "<group>"; };
		0572AA901AEC09C000B788CA /* EncryptDecryptPopupView.swift */ = {isa = PBXFileReference; fileEncoding = 4; lastKnownFileType = sourcecode.swift; path = EncryptDecryptPopupView.swift; sourceTree = "<group>"; };
		057B4D451AD33FA200F0FECA /* LucidaGrande.ttf */ = {isa = PBXFileReference; lastKnownFileType = file; path = LucidaGrande.ttf; sourceTree = "<group>"; };
		057B4D491AD3432D00F0FECA /* Quivira.otf */ = {isa = PBXFileReference; lastKnownFileType = file; path = Quivira.otf; sourceTree = "<group>"; };
		0587D6801ACA7AFE00B02109 /* KeyboardButtons.xcassets */ = {isa = PBXFileReference; lastKnownFileType = folder.assetcatalog; path = KeyboardButtons.xcassets; sourceTree = "<group>"; };
		05C2F8101ACF9E4C00C2097E /* ProfileSwipeModelController.swift */ = {isa = PBXFileReference; fileEncoding = 4; lastKnownFileType = sourcecode.swift; path = ProfileSwipeModelController.swift; sourceTree = "<group>"; };
		05C2F8141ACF9FAB00C2097E /* ProfileSwipeViewController.swift */ = {isa = PBXFileReference; fileEncoding = 4; lastKnownFileType = sourcecode.swift; path = ProfileSwipeViewController.swift; sourceTree = "<group>"; };
		05C2F8161ACFA0CC00C2097E /* ProfileFetchModel.swift */ = {isa = PBXFileReference; fileEncoding = 4; lastKnownFileType = sourcecode.swift; path = ProfileFetchModel.swift; sourceTree = "<group>"; };
		05E3CA451AC62741000EDE84 /* Profiles.xib */ = {isa = PBXFileReference; fileEncoding = 4; lastKnownFileType = file.xib; path = Profiles.xib; sourceTree = "<group>"; };
		05E3CA931AC69F07000EDE84 /* EnigmaKeyboard.entitlements */ = {isa = PBXFileReference; lastKnownFileType = text.xml; path = EnigmaKeyboard.entitlements; sourceTree = "<group>"; };
		05E3CA941AC70C53000EDE84 /* ProfileTableView.swift */ = {isa = PBXFileReference; fileEncoding = 4; lastKnownFileType = sourcecode.swift; path = ProfileTableView.swift; sourceTree = "<group>"; };
		05E726611ADB91AC009BF808 /* PopupKey.swift */ = {isa = PBXFileReference; fileEncoding = 4; lastKnownFileType = sourcecode.swift; path = PopupKey.swift; sourceTree = "<group>"; };
		237399571A86C5E500A21FE0 /* SplitViewController.swift */ = {isa = PBXFileReference; fileEncoding = 4; lastKnownFileType = sourcecode.swift; path = SplitViewController.swift; sourceTree = "<group>"; };
		237399591A86D28100A21FE0 /* TutorialPageViewController.swift */ = {isa = PBXFileReference; fileEncoding = 4; lastKnownFileType = sourcecode.swift; path = TutorialPageViewController.swift; sourceTree = "<group>"; };
		2373995B1A86D31700A21FE0 /* TutorialModelController.swift */ = {isa = PBXFileReference; fileEncoding = 4; lastKnownFileType = sourcecode.swift; path = TutorialModelController.swift; sourceTree = "<group>"; };
		2373995D1A89549100A21FE0 /* BlockButton.swift */ = {isa = PBXFileReference; fileEncoding = 4; lastKnownFileType = sourcecode.swift; path = BlockButton.swift; sourceTree = "<group>"; };
		2389E1291AD9D9D40063796B /* ShareViewController.swift */ = {isa = PBXFileReference; fileEncoding = 4; lastKnownFileType = sourcecode.swift; path = ShareViewController.swift; sourceTree = "<group>"; };
		238DCD2B1A93DE2000E4D75B /* ProfileDetailHeaderView.swift */ = {isa = PBXFileReference; fileEncoding = 4; lastKnownFileType = sourcecode.swift; path = ProfileDetailHeaderView.swift; sourceTree = "<group>"; };
		238DCD2D1A93E30E00E4D75B /* ProfileDetailCell.swift */ = {isa = PBXFileReference; fileEncoding = 4; lastKnownFileType = sourcecode.swift; path = ProfileDetailCell.swift; sourceTree = "<group>"; };
		23ECC2D71A840A71000EB3CC /* TutorialViewController.swift */ = {isa = PBXFileReference; fileEncoding = 4; lastKnownFileType = sourcecode.swift; path = TutorialViewController.swift; sourceTree = "<group>"; };
		23ECC2DB1A841323000EB3CC /* ProfileTableViewController.swift */ = {isa = PBXFileReference; fileEncoding = 4; lastKnownFileType = sourcecode.swift; path = ProfileTableViewController.swift; sourceTree = "<group>"; };
		23ECC30D1A842DD0000EB3CC /* ProfileDetailViewController.swift */ = {isa = PBXFileReference; fileEncoding = 4; lastKnownFileType = sourcecode.swift; path = ProfileDetailViewController.swift; sourceTree = "<group>"; };
		23F4FC3B1AA798A400284F16 /* Enigma.entitlements */ = {isa = PBXFileReference; lastKnownFileType = text.xml; path = Enigma.entitlements; sourceTree = "<group>"; };
		23F4FC401AA79AC400284F16 /* SettingsViewController.swift */ = {isa = PBXFileReference; fileEncoding = 4; lastKnownFileType = sourcecode.swift; path = SettingsViewController.swift; sourceTree = "<group>"; };
/* End PBXFileReference section */

/* Begin PBXFrameworksBuildPhase section */
		029227011A71D9D900A7DD81 /* Frameworks */ = {
			isa = PBXFrameworksBuildPhase;
			buildActionMask = 2147483647;
			files = (
				0285437D1AEC41D60014EB93 /* AVFoundation.framework in Frameworks */,
				02605E3A1A86728400D3BF81 /* LocalAuthentication.framework in Frameworks */,
			);
			runOnlyForDeploymentPostprocessing = 0;
		};
		029227161A71D9D900A7DD81 /* Frameworks */ = {
			isa = PBXFrameworksBuildPhase;
			buildActionMask = 2147483647;
			files = (
			);
			runOnlyForDeploymentPostprocessing = 0;
		};
		05211C481A72D16E00660739 /* Frameworks */ = {
			isa = PBXFrameworksBuildPhase;
			buildActionMask = 2147483647;
			files = (
				02E38F2D1ACDEBFD002B77E6 /* AudioToolbox.framework in Frameworks */,
			);
			runOnlyForDeploymentPostprocessing = 0;
		};
/* End PBXFrameworksBuildPhase section */

/* Begin PBXGroup section */
		021AE2E91A7D706400DF13F0 /* EncryptionFramework */ = {
			isa = PBXGroup;
			children = (
				021AE2E61A7D6F9700DF13F0 /* EncrytionFramework.h */,
				021AE2E71A7D6F9700DF13F0 /* EncrytionFramework.m */,
				026B4DB91AA7A4B5002DB3C6 /* Clear.c */,
				026B4DBA1AA7A4B5002DB3C6 /* Clear.h */,
				021AE2EA1A7D708E00DF13F0 /* Ceasar.c */,
				021AE2EB1A7D708E00DF13F0 /* Ceasar.h */,
				021AE2ED1A7D76FD00DF13F0 /* Affine.c */,
				021AE2EE1A7D76FD00DF13F0 /* Affine.h */,
				021AE2F01A7D7B9F00DF13F0 /* SimpleSub.c */,
				021AE2F11A7D7B9F00DF13F0 /* SimpleSub.h */,
				02CA73861AA4B2EB00FBFDF0 /* Vigenere.c */,
				02CA73871AA4B2EB00FBFDF0 /* Vigenere.h */,
			);
			name = EncryptionFramework;
			sourceTree = "<group>";
		};
		028543781AEC41890014EB93 /* QR Scanner */ = {
			isa = PBXGroup;
			children = (
				028543791AEC41BF0014EB93 /* QRScanViewController.h */,
				0285437A1AEC41BF0014EB93 /* QRScanViewController.m */,
			);
			name = "QR Scanner";
			sourceTree = "<group>";
		};
		029226FB1A71D9D900A7DD81 = {
			isa = PBXGroup;
			children = (
				0285437C1AEC41D60014EB93 /* AVFoundation.framework */,
				02E38F2C1ACDEBFD002B77E6 /* AudioToolbox.framework */,
				029227061A71D9D900A7DD81 /* Enigma */,
				0292271C1A71D9D900A7DD81 /* EnigmaTests */,
				05211C4C1A72D16E00660739 /* EnigmaKeyboard */,
				029227051A71D9D900A7DD81 /* Products */,
			);
			sourceTree = "<group>";
		};
		029227051A71D9D900A7DD81 /* Products */ = {
			isa = PBXGroup;
			children = (
				029227041A71D9D900A7DD81 /* Enigma.app */,
				029227191A71D9D900A7DD81 /* EnigmaTests.xctest */,
				05211C4B1A72D16E00660739 /* EnigmaKeyboard.appex */,
			);
			name = Products;
			sourceTree = "<group>";
		};
		029227061A71D9D900A7DD81 /* Enigma */ = {
			isa = PBXGroup;
			children = (
				028543781AEC41890014EB93 /* QR Scanner */,
				23F4FC3B1AA798A400284F16 /* Enigma.entitlements */,
				026B4DBD1AA7A5E1002DB3C6 /* Enigma.xcdatamodeld */,
				029227091A71D9D900A7DD81 /* AppDelegate.swift */,
				237399571A86C5E500A21FE0 /* SplitViewController.swift */,
				23ECC2DB1A841323000EB3CC /* ProfileTableViewController.swift */,
				23ECC30D1A842DD0000EB3CC /* ProfileDetailViewController.swift */,
				238DCD2B1A93DE2000E4D75B /* ProfileDetailHeaderView.swift */,
				238DCD2D1A93E30E00E4D75B /* ProfileDetailCell.swift */,
				2389E1291AD9D9D40063796B /* ShareViewController.swift */,
				23ECC2D71A840A71000EB3CC /* TutorialViewController.swift */,
				237399591A86D28100A21FE0 /* TutorialPageViewController.swift */,
				2373995B1A86D31700A21FE0 /* TutorialModelController.swift */,
				2373995D1A89549100A21FE0 /* BlockButton.swift */,
				02FF51AD1A854136009C76E6 /* PasscodeView.swift */,
				02FF51AF1A854176009C76E6 /* PasscodeButton.swift */,
				23F4FC401AA79AC400284F16 /* SettingsViewController.swift */,
				02E38F301ACEDB10002B77E6 /* AboutViewController.swift */,
				0572AA901AEC09C000B788CA /* EncryptDecryptPopupView.swift */,
				021AE2E91A7D706400DF13F0 /* EncryptionFramework */,
				0572AA821AEB6A8A00B788CA /* Flipboard Library */,
				021AE2E51A7D6F9600DF13F0 /* Enigma-Bridging-Header.h */,
				0292270D1A71D9D900A7DD81 /* Main.storyboard */,
				029227101A71D9D900A7DD81 /* Images.xcassets */,
				0572AA7E1AEB615800B788CA /* KeyboardTut.gif */,
				0572AA7F1AEB615800B788CA /* ProfileTut.gif */,
				029227121A71D9D900A7DD81 /* LaunchScreen.xib */,
				029227071A71D9D900A7DD81 /* Supporting Files */,
			);
			path = Enigma;
			sourceTree = "<group>";
		};
		029227071A71D9D900A7DD81 /* Supporting Files */ = {
			isa = PBXGroup;
			children = (
				02605E381A86726B00D3BF81 /* LocalAuthentication.framework */,
				029227081A71D9D900A7DD81 /* Info.plist */,
			);
			name = "Supporting Files";
			sourceTree = "<group>";
		};
		0292271C1A71D9D900A7DD81 /* EnigmaTests */ = {
			isa = PBXGroup;
			children = (
				0292271F1A71D9D900A7DD81 /* EnigmaTests.swift */,
				0292271D1A71D9D900A7DD81 /* Supporting Files */,
			);
			path = EnigmaTests;
			sourceTree = "<group>";
		};
		0292271D1A71D9D900A7DD81 /* Supporting Files */ = {
			isa = PBXGroup;
			children = (
				0292271E1A71D9D900A7DD81 /* Info.plist */,
			);
			name = "Supporting Files";
			sourceTree = "<group>";
		};
		05211C4C1A72D16E00660739 /* EnigmaKeyboard */ = {
			isa = PBXGroup;
			children = (
				05E3CA931AC69F07000EDE84 /* EnigmaKeyboard.entitlements */,
				0587D6801ACA7AFE00B02109 /* KeyboardButtons.xcassets */,
				052E3A781AD0523800C97CE0 /* View Controllers */,
				052E3A791AD0525600C97CE0 /* Models */,
				052E3A771AD0521200C97CE0 /* Views */,
				05211C4D1A72D16E00660739 /* Supporting Files */,
				057B4D451AD33FA200F0FECA /* LucidaGrande.ttf */,
				057B4D491AD3432D00F0FECA /* Quivira.otf */,
			);
			path = EnigmaKeyboard;
			sourceTree = "<group>";
		};
		05211C4D1A72D16E00660739 /* Supporting Files */ = {
			isa = PBXGroup;
			children = (
				05211C4E1A72D16E00660739 /* Info.plist */,
			);
			name = "Supporting Files";
			sourceTree = "<group>";
		};
		052E3A771AD0521200C97CE0 /* Views */ = {
			isa = PBXGroup;
			children = (
				056C3F831AC8AEDB00F1103F /* KeyboardView.swift */,
				05E726611ADB91AC009BF808 /* PopupKey.swift */,
				05E3CA941AC70C53000EDE84 /* ProfileTableView.swift */,
				0531970A1AED8D5F005E5387 /* TouchDownGestureRecognizer.swift */,
				05E3CA451AC62741000EDE84 /* Profiles.xib */,
			);
			name = Views;
			sourceTree = "<group>";
		};
		052E3A781AD0523800C97CE0 /* View Controllers */ = {
			isa = PBXGroup;
			children = (
				05211C4F1A72D16E00660739 /* KeyboardViewController.swift */,
				05C2F8141ACF9FAB00C2097E /* ProfileSwipeViewController.swift */,
			);
			name = "View Controllers";
			sourceTree = "<group>";
		};
		052E3A791AD0525600C97CE0 /* Models */ = {
			isa = PBXGroup;
			children = (
				05C2F8101ACF9E4C00C2097E /* ProfileSwipeModelController.swift */,
				05C2F8161ACFA0CC00C2097E /* ProfileFetchModel.swift */,
				052FB5271AA810560049DF8A /* CoreDataStack.swift */,
			);
			name = Models;
			sourceTree = "<group>";
		};
		0572AA821AEB6A8A00B788CA /* Flipboard Library */ = {
			isa = PBXGroup;
			children = (
				0572AA891AEB6FA300B788CA /* FLAnimatedImage.h */,
				0572AA8A1AEB6FA300B788CA /* FLAnimatedImage.m */,
				0572AA8B1AEB6FA300B788CA /* FLAnimatedImageView.h */,
				0572AA8C1AEB6FA300B788CA /* FLAnimatedImageView.m */,
			);
			name = "Flipboard Library";
			sourceTree = "<group>";
		};
/* End PBXGroup section */

/* Begin PBXNativeTarget section */
		029227031A71D9D900A7DD81 /* Enigma */ = {
			isa = PBXNativeTarget;
			buildConfigurationList = 029227231A71D9D900A7DD81 /* Build configuration list for PBXNativeTarget "Enigma" */;
			buildPhases = (
				029227001A71D9D900A7DD81 /* Sources */,
				029227011A71D9D900A7DD81 /* Frameworks */,
				029227021A71D9D900A7DD81 /* Resources */,
				05211C571A72D16E00660739 /* Embed App Extensions */,
			);
			buildRules = (
			);
			dependencies = (
				05211C521A72D16E00660739 /* PBXTargetDependency */,
			);
			name = Enigma;
			productName = Enigma;
			productReference = 029227041A71D9D900A7DD81 /* Enigma.app */;
			productType = "com.apple.product-type.application";
		};
		029227181A71D9D900A7DD81 /* EnigmaTests */ = {
			isa = PBXNativeTarget;
			buildConfigurationList = 029227261A71D9D900A7DD81 /* Build configuration list for PBXNativeTarget "EnigmaTests" */;
			buildPhases = (
				029227151A71D9D900A7DD81 /* Sources */,
				029227161A71D9D900A7DD81 /* Frameworks */,
				029227171A71D9D900A7DD81 /* Resources */,
			);
			buildRules = (
			);
			dependencies = (
				0292271B1A71D9D900A7DD81 /* PBXTargetDependency */,
			);
			name = EnigmaTests;
			productName = EnigmaTests;
			productReference = 029227191A71D9D900A7DD81 /* EnigmaTests.xctest */;
			productType = "com.apple.product-type.bundle.unit-test";
		};
		05211C4A1A72D16E00660739 /* EnigmaKeyboard */ = {
			isa = PBXNativeTarget;
			buildConfigurationList = 05211C561A72D16E00660739 /* Build configuration list for PBXNativeTarget "EnigmaKeyboard" */;
			buildPhases = (
				05211C471A72D16E00660739 /* Sources */,
				05211C481A72D16E00660739 /* Frameworks */,
				05211C491A72D16E00660739 /* Resources */,
			);
			buildRules = (
			);
			dependencies = (
			);
			name = EnigmaKeyboard;
			productName = EnigmaKeyboard;
			productReference = 05211C4B1A72D16E00660739 /* EnigmaKeyboard.appex */;
			productType = "com.apple.product-type.app-extension";
		};
/* End PBXNativeTarget section */

/* Begin PBXProject section */
		029226FC1A71D9D900A7DD81 /* Project object */ = {
			isa = PBXProject;
			attributes = {
				LastUpgradeCheck = 0610;
				ORGANIZATIONNAME = "Flipped Bit";
				TargetAttributes = {
					029227031A71D9D900A7DD81 = {
						CreatedOnToolsVersion = 6.1.1;
						DevelopmentTeam = Z67LVNYQSE;
						SystemCapabilities = {
							com.apple.ApplicationGroups.iOS = {
								enabled = 1;
							};
						};
					};
					029227181A71D9D900A7DD81 = {
						CreatedOnToolsVersion = 6.1.1;
						TestTargetID = 029227031A71D9D900A7DD81;
					};
					05211C4A1A72D16E00660739 = {
						CreatedOnToolsVersion = 6.1.1;
						DevelopmentTeam = Z67LVNYQSE;
						SystemCapabilities = {
							com.apple.ApplicationGroups.iOS = {
								enabled = 1;
							};
						};
					};
				};
			};
			buildConfigurationList = 029226FF1A71D9D900A7DD81 /* Build configuration list for PBXProject "Enigma" */;
			compatibilityVersion = "Xcode 3.2";
			developmentRegion = English;
			hasScannedForEncodings = 0;
			knownRegions = (
				en,
				Base,
			);
			mainGroup = 029226FB1A71D9D900A7DD81;
			productRefGroup = 029227051A71D9D900A7DD81 /* Products */;
			projectDirPath = "";
			projectRoot = "";
			targets = (
				029227031A71D9D900A7DD81 /* Enigma */,
				029227181A71D9D900A7DD81 /* EnigmaTests */,
				05211C4A1A72D16E00660739 /* EnigmaKeyboard */,
			);
		};
/* End PBXProject section */

/* Begin PBXResourcesBuildPhase section */
		029227021A71D9D900A7DD81 /* Resources */ = {
			isa = PBXResourcesBuildPhase;
			buildActionMask = 2147483647;
			files = (
				0292270F1A71D9D900A7DD81 /* Main.storyboard in Resources */,
				0572AA801AEB615800B788CA /* KeyboardTut.gif in Resources */,
				029227141A71D9D900A7DD81 /* LaunchScreen.xib in Resources */,
				029227111A71D9D900A7DD81 /* Images.xcassets in Resources */,
				0572AA811AEB615800B788CA /* ProfileTut.gif in Resources */,
			);
			runOnlyForDeploymentPostprocessing = 0;
		};
		029227171A71D9D900A7DD81 /* Resources */ = {
			isa = PBXResourcesBuildPhase;
			buildActionMask = 2147483647;
			files = (
			);
			runOnlyForDeploymentPostprocessing = 0;
		};
		05211C491A72D16E00660739 /* Resources */ = {
			isa = PBXResourcesBuildPhase;
			buildActionMask = 2147483647;
			files = (
				0587D6811ACA7AFE00B02109 /* KeyboardButtons.xcassets in Resources */,
				05E3CA461AC62741000EDE84 /* Profiles.xib in Resources */,
				052FB5291AA810610049DF8A /* Enigma.xcdatamodeld in Resources */,
				057B4D461AD33FA200F0FECA /* LucidaGrande.ttf in Resources */,
				057B4D4A1AD3432D00F0FECA /* Quivira.otf in Resources */,
			);
			runOnlyForDeploymentPostprocessing = 0;
		};
/* End PBXResourcesBuildPhase section */

/* Begin PBXSourcesBuildPhase section */
		029227001A71D9D900A7DD81 /* Sources */ = {
			isa = PBXSourcesBuildPhase;
			buildActionMask = 2147483647;
			files = (
				021AE2EC1A7D708E00DF13F0 /* Ceasar.c in Sources */,
				23ECC2D81A840A71000EB3CC /* TutorialViewController.swift in Sources */,
				0572AA8D1AEB6FA300B788CA /* FLAnimatedImage.m in Sources */,
				021AE2E81A7D6F9700DF13F0 /* EncrytionFramework.m in Sources */,
				02E38F311ACEDB10002B77E6 /* AboutViewController.swift in Sources */,
				02FF51AE1A854136009C76E6 /* PasscodeView.swift in Sources */,
				0572AA911AEC09C000B788CA /* EncryptDecryptPopupView.swift in Sources */,
				0292270A1A71D9D900A7DD81 /* AppDelegate.swift in Sources */,
				02CA73881AA4B2EB00FBFDF0 /* Vigenere.c in Sources */,
				026B4DBB1AA7A4B5002DB3C6 /* Clear.c in Sources */,
				02FF51B01A854176009C76E6 /* PasscodeButton.swift in Sources */,
				238DCD2E1A93E30E00E4D75B /* ProfileDetailCell.swift in Sources */,
				0572AA8E1AEB6FA300B788CA /* FLAnimatedImageView.m in Sources */,
				0285437B1AEC41BF0014EB93 /* QRScanViewController.m in Sources */,
				021AE2F21A7D7B9F00DF13F0 /* SimpleSub.c in Sources */,
				237399581A86C5E500A21FE0 /* SplitViewController.swift in Sources */,
				2389E12A1AD9D9D40063796B /* ShareViewController.swift in Sources */,
				2373995C1A86D31700A21FE0 /* TutorialModelController.swift in Sources */,
				026B4DBF1AA7A5E1002DB3C6 /* Enigma.xcdatamodeld in Sources */,
				2373995A1A86D28100A21FE0 /* TutorialPageViewController.swift in Sources */,
				23ECC30E1A842DD0000EB3CC /* ProfileDetailViewController.swift in Sources */,
				238DCD2C1A93DE2000E4D75B /* ProfileDetailHeaderView.swift in Sources */,
				23ECC2DC1A841323000EB3CC /* ProfileTableViewController.swift in Sources */,
				021AE2EF1A7D76FD00DF13F0 /* Affine.c in Sources */,
				2373995E1A89549100A21FE0 /* BlockButton.swift in Sources */,
				23F4FC411AA79AC400284F16 /* SettingsViewController.swift in Sources */,
			);
			runOnlyForDeploymentPostprocessing = 0;
		};
		029227151A71D9D900A7DD81 /* Sources */ = {
			isa = PBXSourcesBuildPhase;
			buildActionMask = 2147483647;
			files = (
				0208AF7E1AD6FF0D00A977FD /* EncrytionFramework.m in Sources */,
				0208AF7F1AD6FF0D00A977FD /* Clear.c in Sources */,
				0208AF801AD6FF0D00A977FD /* Ceasar.c in Sources */,
				0208AF811AD6FF0D00A977FD /* Affine.c in Sources */,
				0208AF821AD6FF0D00A977FD /* SimpleSub.c in Sources */,
				0208AF831AD6FF0D00A977FD /* Vigenere.c in Sources */,
				029227201A71D9D900A7DD81 /* EnigmaTests.swift in Sources */,
			);
			runOnlyForDeploymentPostprocessing = 0;
		};
		05211C471A72D16E00660739 /* Sources */ = {
			isa = PBXSourcesBuildPhase;
			buildActionMask = 2147483647;
			files = (
				052FB52A1AA810670049DF8A /* Enigma.xcdatamodeld in Sources */,
				026B4DBC1AA7A528002DB3C6 /* Clear.c in Sources */,
				02CA73891AA4B82900FBFDF0 /* Vigenere.c in Sources */,
				05E726621ADB91AC009BF808 /* PopupKey.swift in Sources */,
				05AA7D5E1A840BE000C1B763 /* EncrytionFramework.m in Sources */,
				05C2F8171ACFA0CC00C2097E /* ProfileFetchModel.swift in Sources */,
				056C3F841AC8AEDB00F1103F /* KeyboardView.swift in Sources */,
				05AA7D5F1A840BE000C1B763 /* Ceasar.c in Sources */,
				05C2F8151ACF9FAB00C2097E /* ProfileSwipeViewController.swift in Sources */,
				05C2F8111ACF9E4C00C2097E /* ProfileSwipeModelController.swift in Sources */,
				0531970B1AED8D5F005E5387 /* TouchDownGestureRecognizer.swift in Sources */,
				05AA7D611A840BE000C1B763 /* Affine.c in Sources */,
				05AA7D631A840BE000C1B763 /* SimpleSub.c in Sources */,
				05E3CA951AC70C53000EDE84 /* ProfileTableView.swift in Sources */,
				05211C501A72D16E00660739 /* KeyboardViewController.swift in Sources */,
				052FB5281AA810560049DF8A /* CoreDataStack.swift in Sources */,
			);
			runOnlyForDeploymentPostprocessing = 0;
		};
/* End PBXSourcesBuildPhase section */

/* Begin PBXTargetDependency section */
		0292271B1A71D9D900A7DD81 /* PBXTargetDependency */ = {
			isa = PBXTargetDependency;
			target = 029227031A71D9D900A7DD81 /* Enigma */;
			targetProxy = 0292271A1A71D9D900A7DD81 /* PBXContainerItemProxy */;
		};
		05211C521A72D16E00660739 /* PBXTargetDependency */ = {
			isa = PBXTargetDependency;
			target = 05211C4A1A72D16E00660739 /* EnigmaKeyboard */;
			targetProxy = 05211C511A72D16E00660739 /* PBXContainerItemProxy */;
		};
/* End PBXTargetDependency section */

/* Begin PBXVariantGroup section */
		0292270D1A71D9D900A7DD81 /* Main.storyboard */ = {
			isa = PBXVariantGroup;
			children = (
				0292270E1A71D9D900A7DD81 /* Base */,
			);
			name = Main.storyboard;
			sourceTree = "<group>";
		};
		029227121A71D9D900A7DD81 /* LaunchScreen.xib */ = {
			isa = PBXVariantGroup;
			children = (
				029227131A71D9D900A7DD81 /* Base */,
			);
			name = LaunchScreen.xib;
			sourceTree = "<group>";
		};
/* End PBXVariantGroup section */

/* Begin XCBuildConfiguration section */
		029227211A71D9D900A7DD81 /* Debug */ = {
			isa = XCBuildConfiguration;
			buildSettings = {
				ALWAYS_SEARCH_USER_PATHS = NO;
				CLANG_CXX_LANGUAGE_STANDARD = "gnu++0x";
				CLANG_CXX_LIBRARY = "libc++";
				CLANG_ENABLE_MODULES = YES;
				CLANG_ENABLE_OBJC_ARC = YES;
				CLANG_WARN_BOOL_CONVERSION = YES;
				CLANG_WARN_CONSTANT_CONVERSION = YES;
				CLANG_WARN_DIRECT_OBJC_ISA_USAGE = YES_ERROR;
				CLANG_WARN_EMPTY_BODY = YES;
				CLANG_WARN_ENUM_CONVERSION = YES;
				CLANG_WARN_INT_CONVERSION = YES;
				CLANG_WARN_OBJC_ROOT_CLASS = YES_ERROR;
				CLANG_WARN_UNREACHABLE_CODE = YES;
				CLANG_WARN__DUPLICATE_METHOD_MATCH = YES;
				"CODE_SIGN_IDENTITY[sdk=iphoneos*]" = "iPhone Developer";
				COPY_PHASE_STRIP = NO;
				ENABLE_STRICT_OBJC_MSGSEND = YES;
				GCC_C_LANGUAGE_STANDARD = gnu99;
				GCC_DYNAMIC_NO_PIC = NO;
				GCC_OPTIMIZATION_LEVEL = 0;
				GCC_PREPROCESSOR_DEFINITIONS = (
					"DEBUG=1",
					"$(inherited)",
				);
				GCC_SYMBOLS_PRIVATE_EXTERN = NO;
				GCC_WARN_64_TO_32_BIT_CONVERSION = YES;
				GCC_WARN_ABOUT_RETURN_TYPE = YES_ERROR;
				GCC_WARN_UNDECLARED_SELECTOR = YES;
				GCC_WARN_UNINITIALIZED_AUTOS = YES_AGGRESSIVE;
				GCC_WARN_UNUSED_FUNCTION = YES;
				GCC_WARN_UNUSED_VARIABLE = YES;
				IPHONEOS_DEPLOYMENT_TARGET = 8.1;
				MTL_ENABLE_DEBUG_INFO = YES;
				ONLY_ACTIVE_ARCH = YES;
				SDKROOT = iphoneos;
				SWIFT_OPTIMIZATION_LEVEL = "-Onone";
				TARGETED_DEVICE_FAMILY = "1,2";
			};
			name = Debug;
		};
		029227221A71D9D900A7DD81 /* Release */ = {
			isa = XCBuildConfiguration;
			buildSettings = {
				ALWAYS_SEARCH_USER_PATHS = NO;
				CLANG_CXX_LANGUAGE_STANDARD = "gnu++0x";
				CLANG_CXX_LIBRARY = "libc++";
				CLANG_ENABLE_MODULES = YES;
				CLANG_ENABLE_OBJC_ARC = YES;
				CLANG_WARN_BOOL_CONVERSION = YES;
				CLANG_WARN_CONSTANT_CONVERSION = YES;
				CLANG_WARN_DIRECT_OBJC_ISA_USAGE = YES_ERROR;
				CLANG_WARN_EMPTY_BODY = YES;
				CLANG_WARN_ENUM_CONVERSION = YES;
				CLANG_WARN_INT_CONVERSION = YES;
				CLANG_WARN_OBJC_ROOT_CLASS = YES_ERROR;
				CLANG_WARN_UNREACHABLE_CODE = YES;
				CLANG_WARN__DUPLICATE_METHOD_MATCH = YES;
				"CODE_SIGN_IDENTITY[sdk=iphoneos*]" = "iPhone Developer";
				COPY_PHASE_STRIP = YES;
				ENABLE_NS_ASSERTIONS = NO;
				ENABLE_STRICT_OBJC_MSGSEND = YES;
				GCC_C_LANGUAGE_STANDARD = gnu99;
				GCC_WARN_64_TO_32_BIT_CONVERSION = YES;
				GCC_WARN_ABOUT_RETURN_TYPE = YES_ERROR;
				GCC_WARN_UNDECLARED_SELECTOR = YES;
				GCC_WARN_UNINITIALIZED_AUTOS = YES_AGGRESSIVE;
				GCC_WARN_UNUSED_FUNCTION = YES;
				GCC_WARN_UNUSED_VARIABLE = YES;
				IPHONEOS_DEPLOYMENT_TARGET = 8.1;
				MTL_ENABLE_DEBUG_INFO = NO;
				SDKROOT = iphoneos;
				TARGETED_DEVICE_FAMILY = "1,2";
				VALIDATE_PRODUCT = YES;
			};
			name = Release;
		};
		029227241A71D9D900A7DD81 /* Debug */ = {
			isa = XCBuildConfiguration;
			buildSettings = {
				ASSETCATALOG_COMPILER_APPICON_NAME = AppIcon;
				CLANG_ENABLE_MODULES = YES;
				CODE_SIGN_ENTITLEMENTS = Enigma/Enigma.entitlements;
				CODE_SIGN_IDENTITY = "iPhone Developer";
				"CODE_SIGN_IDENTITY[sdk=iphoneos*]" = "iPhone Developer";
				EMBEDDED_CONTENT_CONTAINS_SWIFT = YES;
				INFOPLIST_FILE = Enigma/Info.plist;
				LD_RUNPATH_SEARCH_PATHS = "$(inherited) @executable_path/Frameworks";
				OTHER_SWIFT_FLAGS = "-D DEBUG";
				PRODUCT_NAME = "$(TARGET_NAME)";
				PROVISIONING_PROFILE = "";
				SWIFT_OBJC_BRIDGING_HEADER = "Enigma/Enigma-Bridging-Header.h";
				SWIFT_OPTIMIZATION_LEVEL = "-Onone";
			};
			name = Debug;
		};
		029227251A71D9D900A7DD81 /* Release */ = {
			isa = XCBuildConfiguration;
			buildSettings = {
				ASSETCATALOG_COMPILER_APPICON_NAME = AppIcon;
				CLANG_ENABLE_MODULES = YES;
				CODE_SIGN_ENTITLEMENTS = Enigma/Enigma.entitlements;
				CODE_SIGN_IDENTITY = "iPhone Developer";
				"CODE_SIGN_IDENTITY[sdk=iphoneos*]" = "iPhone Developer";
				EMBEDDED_CONTENT_CONTAINS_SWIFT = YES;
				INFOPLIST_FILE = Enigma/Info.plist;
				LD_RUNPATH_SEARCH_PATHS = "$(inherited) @executable_path/Frameworks";
				PRODUCT_NAME = "$(TARGET_NAME)";
				PROVISIONING_PROFILE = "";
				SWIFT_OBJC_BRIDGING_HEADER = "Enigma/Enigma-Bridging-Header.h";
			};
			name = Release;
		};
		029227271A71D9D900A7DD81 /* Debug */ = {
			isa = XCBuildConfiguration;
			buildSettings = {
				BUNDLE_LOADER = "$(TEST_HOST)";
				FRAMEWORK_SEARCH_PATHS = (
					"$(SDKROOT)/Developer/Library/Frameworks",
					"$(inherited)",
				);
				GCC_PREPROCESSOR_DEFINITIONS = (
					"DEBUG=1",
					"$(inherited)",
				);
				INFOPLIST_FILE = EnigmaTests/Info.plist;
				LD_RUNPATH_SEARCH_PATHS = "$(inherited) @executable_path/Frameworks @loader_path/Frameworks";
				PRODUCT_NAME = "$(TARGET_NAME)";
				TEST_HOST = "$(BUILT_PRODUCTS_DIR)/Enigma.app/Enigma";
			};
			name = Debug;
		};
		029227281A71D9D900A7DD81 /* Release */ = {
			isa = XCBuildConfiguration;
			buildSettings = {
				BUNDLE_LOADER = "$(TEST_HOST)";
				FRAMEWORK_SEARCH_PATHS = (
					"$(SDKROOT)/Developer/Library/Frameworks",
					"$(inherited)",
				);
				INFOPLIST_FILE = EnigmaTests/Info.plist;
				LD_RUNPATH_SEARCH_PATHS = "$(inherited) @executable_path/Frameworks @loader_path/Frameworks";
				PRODUCT_NAME = "$(TARGET_NAME)";
				TEST_HOST = "$(BUILT_PRODUCTS_DIR)/Enigma.app/Enigma";
			};
			name = Release;
		};
		05211C541A72D16E00660739 /* Debug */ = {
			isa = XCBuildConfiguration;
			buildSettings = {
				CODE_SIGN_ENTITLEMENTS = EnigmaKeyboard/EnigmaKeyboard.entitlements;
				CODE_SIGN_IDENTITY = "iPhone Developer";
				"CODE_SIGN_IDENTITY[sdk=iphoneos*]" = "iPhone Developer";
				GCC_PREPROCESSOR_DEFINITIONS = (
					"DEBUG=1",
					"$(inherited)",
				);
				INFOPLIST_FILE = EnigmaKeyboard/Info.plist;
				LD_RUNPATH_SEARCH_PATHS = "$(inherited) @executable_path/Frameworks @executable_path/../../Frameworks";
				PRODUCT_NAME = "$(TARGET_NAME)";
				PROVISIONING_PROFILE = "";
				SKIP_INSTALL = YES;
				SWIFT_OBJC_BRIDGING_HEADER = "Enigma/Enigma-Bridging-Header.h";
			};
			name = Debug;
		};
		05211C551A72D16E00660739 /* Release */ = {
			isa = XCBuildConfiguration;
			buildSettings = {
				CODE_SIGN_ENTITLEMENTS = EnigmaKeyboard/EnigmaKeyboard.entitlements;
				CODE_SIGN_IDENTITY = "iPhone Developer";
				"CODE_SIGN_IDENTITY[sdk=iphoneos*]" = "iPhone Developer";
				INFOPLIST_FILE = EnigmaKeyboard/Info.plist;
				LD_RUNPATH_SEARCH_PATHS = "$(inherited) @executable_path/Frameworks @executable_path/../../Frameworks";
				PRODUCT_NAME = "$(TARGET_NAME)";
				PROVISIONING_PROFILE = "";
				SKIP_INSTALL = YES;
				SWIFT_OBJC_BRIDGING_HEADER = "Enigma/Enigma-Bridging-Header.h";
			};
			name = Release;
		};
/* End XCBuildConfiguration section */

/* Begin XCConfigurationList section */
		029226FF1A71D9D900A7DD81 /* Build configuration list for PBXProject "Enigma" */ = {
			isa = XCConfigurationList;
			buildConfigurations = (
				029227211A71D9D900A7DD81 /* Debug */,
				029227221A71D9D900A7DD81 /* Release */,
			);
			defaultConfigurationIsVisible = 0;
			defaultConfigurationName = Release;
		};
		029227231A71D9D900A7DD81 /* Build configuration list for PBXNativeTarget "Enigma" */ = {
			isa = XCConfigurationList;
			buildConfigurations = (
				029227241A71D9D900A7DD81 /* Debug */,
				029227251A71D9D900A7DD81 /* Release */,
			);
			defaultConfigurationIsVisible = 0;
			defaultConfigurationName = Release;
		};
		029227261A71D9D900A7DD81 /* Build configuration list for PBXNativeTarget "EnigmaTests" */ = {
			isa = XCConfigurationList;
			buildConfigurations = (
				029227271A71D9D900A7DD81 /* Debug */,
				029227281A71D9D900A7DD81 /* Release */,
			);
			defaultConfigurationIsVisible = 0;
			defaultConfigurationName = Release;
		};
		05211C561A72D16E00660739 /* Build configuration list for PBXNativeTarget "EnigmaKeyboard" */ = {
			isa = XCConfigurationList;
			buildConfigurations = (
				05211C541A72D16E00660739 /* Debug */,
				05211C551A72D16E00660739 /* Release */,
			);
			defaultConfigurationIsVisible = 0;
			defaultConfigurationName = Release;
		};
/* End XCConfigurationList section */

/* Begin XCVersionGroup section */
		026B4DBD1AA7A5E1002DB3C6 /* Enigma.xcdatamodeld */ = {
			isa = XCVersionGroup;
			children = (
				026B4DBE1AA7A5E1002DB3C6 /* Enigma.xcdatamodel */,
			);
			currentVersion = 026B4DBE1AA7A5E1002DB3C6 /* Enigma.xcdatamodel */;
			path = Enigma.xcdatamodeld;
			sourceTree = "<group>";
			versionGroupType = wrapper.xcdatamodel;
		};
/* End XCVersionGroup section */
	};
	rootObject = 029226FC1A71D9D900A7DD81 /* Project object */;
}
