// !$*UTF8*$!
{
	archiveVersion = 1;
	classes = {
	};
	objectVersion = 46;
	objects = {

/* Begin PBXBuildFile section */
		021AE2E81A7D6F9700DF13F0 /* EncrytionFramework.m in Sources */ = {isa = PBXBuildFile; fileRef = 021AE2E71A7D6F9700DF13F0 /* EncrytionFramework.m */; };
		021AE2EC1A7D708E00DF13F0 /* Ceasar.c in Sources */ = {isa = PBXBuildFile; fileRef = 021AE2EA1A7D708E00DF13F0 /* Ceasar.c */; };
		021AE2EF1A7D76FD00DF13F0 /* Affine.c in Sources */ = {isa = PBXBuildFile; fileRef = 021AE2ED1A7D76FD00DF13F0 /* Affine.c */; };
		021AE2F21A7D7B9F00DF13F0 /* SimpleSub.c in Sources */ = {isa = PBXBuildFile; fileRef = 021AE2F01A7D7B9F00DF13F0 /* SimpleSub.c */; };
		0292270A1A71D9D900A7DD81 /* AppDelegate.swift in Sources */ = {isa = PBXBuildFile; fileRef = 029227091A71D9D900A7DD81 /* AppDelegate.swift */; };
		0292270C1A71D9D900A7DD81 /* ViewController.swift in Sources */ = {isa = PBXBuildFile; fileRef = 0292270B1A71D9D900A7DD81 /* ViewController.swift */; };
		0292270F1A71D9D900A7DD81 /* Main.storyboard in Resources */ = {isa = PBXBuildFile; fileRef = 0292270D1A71D9D900A7DD81 /* Main.storyboard */; };
		029227111A71D9D900A7DD81 /* Images.xcassets in Resources */ = {isa = PBXBuildFile; fileRef = 029227101A71D9D900A7DD81 /* Images.xcassets */; };
		029227141A71D9D900A7DD81 /* LaunchScreen.xib in Resources */ = {isa = PBXBuildFile; fileRef = 029227121A71D9D900A7DD81 /* LaunchScreen.xib */; };
		029227201A71D9D900A7DD81 /* EnigmaTests.swift in Sources */ = {isa = PBXBuildFile; fileRef = 0292271F1A71D9D900A7DD81 /* EnigmaTests.swift */; };
		05211C501A72D16E00660739 /* KeyboardViewController.swift in Sources */ = {isa = PBXBuildFile; fileRef = 05211C4F1A72D16E00660739 /* KeyboardViewController.swift */; };
		05211C531A72D16E00660739 /* EnigmaKeyboard.appex in Embed App Extensions */ = {isa = PBXBuildFile; fileRef = 05211C4B1A72D16E00660739 /* EnigmaKeyboard.appex */; settings = {ATTRIBUTES = (RemoveHeadersOnCopy, ); }; };
/* End PBXBuildFile section */

/* Begin PBXContainerItemProxy section */
		0292271A1A71D9D900A7DD81 /* PBXContainerItemProxy */ = {
			isa = PBXContainerItemProxy;
			containerPortal = 029226FC1A71D9D900A7DD81 /* Project object */;
			proxyType = 1;
			remoteGlobalIDString = 029227031A71D9D900A7DD81;
			remoteInfo = Enigma;
		};
		05211C511A72D16E00660739 /* PBXContainerItemProxy */ = {
			isa = PBXContainerItemProxy;
			containerPortal = 029226FC1A71D9D900A7DD81 /* Project object */;
			proxyType = 1;
			remoteGlobalIDString = 05211C4A1A72D16E00660739;
			remoteInfo = EnigmaKeyboard;
		};
/* End PBXContainerItemProxy section */

/* Begin PBXCopyFilesBuildPhase section */
		05211C571A72D16E00660739 /* Embed App Extensions */ = {
			isa = PBXCopyFilesBuildPhase;
			buildActionMask = 2147483647;
			dstPath = "";
			dstSubfolderSpec = 13;
			files = (
				05211C531A72D16E00660739 /* EnigmaKeyboard.appex in Embed App Extensions */,
			);
			name = "Embed App Extensions";
			runOnlyForDeploymentPostprocessing = 0;
		};
/* End PBXCopyFilesBuildPhase section */

/* Begin PBXFileReference section */
		021AE2E51A7D6F9600DF13F0 /* Enigma-Bridging-Header.h */ = {isa = PBXFileReference; lastKnownFileType = sourcecode.c.h; path = "Enigma-Bridging-Header.h"; sourceTree = "<group>"; };
		021AE2E61A7D6F9700DF13F0 /* EncrytionFramework.h */ = {isa = PBXFileReference; fileEncoding = 4; lastKnownFileType = sourcecode.c.h; path = EncrytionFramework.h; sourceTree = "<group>"; };
		021AE2E71A7D6F9700DF13F0 /* EncrytionFramework.m */ = {isa = PBXFileReference; fileEncoding = 4; lastKnownFileType = sourcecode.c.objc; path = EncrytionFramework.m; sourceTree = "<group>"; };
		021AE2EA1A7D708E00DF13F0 /* Ceasar.c */ = {isa = PBXFileReference; fileEncoding = 4; lastKnownFileType = sourcecode.c.c; path = Ceasar.c; sourceTree = "<group>"; };
		021AE2EB1A7D708E00DF13F0 /* Ceasar.h */ = {isa = PBXFileReference; fileEncoding = 4; lastKnownFileType = sourcecode.c.h; path = Ceasar.h; sourceTree = "<group>"; };
		021AE2ED1A7D76FD00DF13F0 /* Affine.c */ = {isa = PBXFileReference; fileEncoding = 4; lastKnownFileType = sourcecode.c.c; path = Affine.c; sourceTree = "<group>"; };
		021AE2EE1A7D76FD00DF13F0 /* Affine.h */ = {isa = PBXFileReference; fileEncoding = 4; lastKnownFileType = sourcecode.c.h; path = Affine.h; sourceTree = "<group>"; };
		021AE2F01A7D7B9F00DF13F0 /* SimpleSub.c */ = {isa = PBXFileReference; fileEncoding = 4; lastKnownFileType = sourcecode.c.c; path = SimpleSub.c; sourceTree = "<group>"; };
		021AE2F11A7D7B9F00DF13F0 /* SimpleSub.h */ = {isa = PBXFileReference; fileEncoding = 4; lastKnownFileType = sourcecode.c.h; path = SimpleSub.h; sourceTree = "<group>"; };
		029227041A71D9D900A7DD81 /* Enigma.app */ = {isa = PBXFileReference; explicitFileType = wrapper.application; includeInIndex = 0; path = Enigma.app; sourceTree = BUILT_PRODUCTS_DIR; };
		029227081A71D9D900A7DD81 /* Info.plist */ = {isa = PBXFileReference; lastKnownFileType = text.plist.xml; path = Info.plist; sourceTree = "<group>"; };
		029227091A71D9D900A7DD81 /* AppDelegate.swift */ = {isa = PBXFileReference; lastKnownFileType = sourcecode.swift; path = AppDelegate.swift; sourceTree = "<group>"; };
		0292270B1A71D9D900A7DD81 /* ViewController.swift */ = {isa = PBXFileReference; lastKnownFileType = sourcecode.swift; path = ViewController.swift; sourceTree = "<group>"; };
		0292270E1A71D9D900A7DD81 /* Base */ = {isa = PBXFileReference; lastKnownFileType = file.storyboard; name = Base; path = Base.lproj/Main.storyboard; sourceTree = "<group>"; };
		029227101A71D9D900A7DD81 /* Images.xcassets */ = {isa = PBXFileReference; lastKnownFileType = folder.assetcatalog; path = Images.xcassets; sourceTree = "<group>"; };
		029227131A71D9D900A7DD81 /* Base */ = {isa = PBXFileReference; lastKnownFileType = file.xib; name = Base; path = Base.lproj/LaunchScreen.xib; sourceTree = "<group>"; };
		029227191A71D9D900A7DD81 /* EnigmaTests.xctest */ = {isa = PBXFileReference; explicitFileType = wrapper.cfbundle; includeInIndex = 0; path = EnigmaTests.xctest; sourceTree = BUILT_PRODUCTS_DIR; };
		0292271E1A71D9D900A7DD81 /* Info.plist */ = {isa = PBXFileReference; lastKnownFileType = text.plist.xml; path = Info.plist; sourceTree = "<group>"; };
		0292271F1A71D9D900A7DD81 /* EnigmaTests.swift */ = {isa = PBXFileReference; lastKnownFileType = sourcecode.swift; path = EnigmaTests.swift; sourceTree = "<group>"; };
		05211C4B1A72D16E00660739 /* EnigmaKeyboard.appex */ = {isa = PBXFileReference; explicitFileType = "wrapper.app-extension"; includeInIndex = 0; path = EnigmaKeyboard.appex; sourceTree = BUILT_PRODUCTS_DIR; };
		05211C4E1A72D16E00660739 /* Info.plist */ = {isa = PBXFileReference; lastKnownFileType = text.plist.xml; path = Info.plist; sourceTree = "<group>"; };
		05211C4F1A72D16E00660739 /* KeyboardViewController.swift */ = {isa = PBXFileReference; lastKnownFileType = sourcecode.swift; path = KeyboardViewController.swift; sourceTree = "<group>"; };
/* End PBXFileReference section */

/* Begin PBXFrameworksBuildPhase section */
		029227011A71D9D900A7DD81 /* Frameworks */ = {
			isa = PBXFrameworksBuildPhase;
			buildActionMask = 2147483647;
			files = (
			);
			runOnlyForDeploymentPostprocessing = 0;
		};
		029227161A71D9D900A7DD81 /* Frameworks */ = {
			isa = PBXFrameworksBuildPhase;
			buildActionMask = 2147483647;
			files = (
			);
			runOnlyForDeploymentPostprocessing = 0;
		};
		05211C481A72D16E00660739 /* Frameworks */ = {
			isa = PBXFrameworksBuildPhase;
			buildActionMask = 2147483647;
			files = (
			);
			runOnlyForDeploymentPostprocessing = 0;
		};
/* End PBXFrameworksBuildPhase section */

/* Begin PBXGroup section */
		021AE2E91A7D706400DF13F0 /* EncryptionFramework */ = {
			isa = PBXGroup;
			children = (
				021AE2E61A7D6F9700DF13F0 /* EncrytionFramework.h */,
				021AE2E71A7D6F9700DF13F0 /* EncrytionFramework.m */,
				021AE2EA1A7D708E00DF13F0 /* Ceasar.c */,
				021AE2EB1A7D708E00DF13F0 /* Ceasar.h */,
				021AE2ED1A7D76FD00DF13F0 /* Affine.c */,
				021AE2EE1A7D76FD00DF13F0 /* Affine.h */,
				021AE2F01A7D7B9F00DF13F0 /* SimpleSub.c */,
				021AE2F11A7D7B9F00DF13F0 /* SimpleSub.h */,
			);
			name = EncryptionFramework;
			sourceTree = "<group>";
		};
		029226FB1A71D9D900A7DD81 = {
			isa = PBXGroup;
			children = (
				029227061A71D9D900A7DD81 /* Enigma */,
				0292271C1A71D9D900A7DD81 /* EnigmaTests */,
				05211C4C1A72D16E00660739 /* EnigmaKeyboard */,
				029227051A71D9D900A7DD81 /* Products */,
			);
			sourceTree = "<group>";
		};
		029227051A71D9D900A7DD81 /* Products */ = {
			isa = PBXGroup;
			children = (
				029227041A71D9D900A7DD81 /* Enigma.app */,
				029227191A71D9D900A7DD81 /* EnigmaTests.xctest */,
				05211C4B1A72D16E00660739 /* EnigmaKeyboard.appex */,
			);
			name = Products;
			sourceTree = "<group>";
		};
		029227061A71D9D900A7DD81 /* Enigma */ = {
			isa = PBXGroup;
			children = (
				029227091A71D9D900A7DD81 /* AppDelegate.swift */,
				0292270B1A71D9D900A7DD81 /* ViewController.swift */,
				021AE2E91A7D706400DF13F0 /* EncryptionFramework */,
				021AE2E51A7D6F9600DF13F0 /* Enigma-Bridging-Header.h */,
				0292270D1A71D9D900A7DD81 /* Main.storyboard */,
				029227101A71D9D900A7DD81 /* Images.xcassets */,
				029227121A71D9D900A7DD81 /* LaunchScreen.xib */,
				029227071A71D9D900A7DD81 /* Supporting Files */,
			);
			path = Enigma;
			sourceTree = "<group>";
		};
		029227071A71D9D900A7DD81 /* Supporting Files */ = {
			isa = PBXGroup;
			children = (
				029227081A71D9D900A7DD81 /* Info.plist */,
			);
			name = "Supporting Files";
			sourceTree = "<group>";
		};
		0292271C1A71D9D900A7DD81 /* EnigmaTests */ = {
			isa = PBXGroup;
			children = (
				0292271F1A71D9D900A7DD81 /* EnigmaTests.swift */,
				0292271D1A71D9D900A7DD81 /* Supporting Files */,
			);
			path = EnigmaTests;
			sourceTree = "<group>";
		};
		0292271D1A71D9D900A7DD81 /* Supporting Files */ = {
			isa = PBXGroup;
			children = (
				0292271E1A71D9D900A7DD81 /* Info.plist */,
			);
			name = "Supporting Files";
			sourceTree = "<group>";
		};
		05211C4C1A72D16E00660739 /* EnigmaKeyboard */ = {
			isa = PBXGroup;
			children = (
				05211C4F1A72D16E00660739 /* KeyboardViewController.swift */,
				05211C4D1A72D16E00660739 /* Supporting Files */,
			);
			path = EnigmaKeyboard;
			sourceTree = "<group>";
		};
		05211C4D1A72D16E00660739 /* Supporting Files */ = {
			isa = PBXGroup;
			children = (
				05211C4E1A72D16E00660739 /* Info.plist */,
			);
			name = "Supporting Files";
			sourceTree = "<group>";
		};
/* End PBXGroup section */

/* Begin PBXNativeTarget section */
		029227031A71D9D900A7DD81 /* Enigma */ = {
			isa = PBXNativeTarget;
			buildConfigurationList = 029227231A71D9D900A7DD81 /* Build configuration list for PBXNativeTarget "Enigma" */;
			buildPhases = (
				029227001A71D9D900A7DD81 /* Sources */,
				029227011A71D9D900A7DD81 /* Frameworks */,
				029227021A71D9D900A7DD81 /* Resources */,
				05211C571A72D16E00660739 /* Embed App Extensions */,
			);
			buildRules = (
			);
			dependencies = (
				05211C521A72D16E00660739 /* PBXTargetDependency */,
			);
			name = Enigma;
			productName = Enigma;
			productReference = 029227041A71D9D900A7DD81 /* Enigma.app */;
			productType = "com.apple.product-type.application";
		};
		029227181A71D9D900A7DD81 /* EnigmaTests */ = {
			isa = PBXNativeTarget;
			buildConfigurationList = 029227261A71D9D900A7DD81 /* Build configuration list for PBXNativeTarget "EnigmaTests" */;
			buildPhases = (
				029227151A71D9D900A7DD81 /* Sources */,
				029227161A71D9D900A7DD81 /* Frameworks */,
				029227171A71D9D900A7DD81 /* Resources */,
			);
			buildRules = (
			);
			dependencies = (
				0292271B1A71D9D900A7DD81 /* PBXTargetDependency */,
			);
			name = EnigmaTests;
			productName = EnigmaTests;
			productReference = 029227191A71D9D900A7DD81 /* EnigmaTests.xctest */;
			productType = "com.apple.product-type.bundle.unit-test";
		};
		05211C4A1A72D16E00660739 /* EnigmaKeyboard */ = {
			isa = PBXNativeTarget;
			buildConfigurationList = 05211C561A72D16E00660739 /* Build configuration list for PBXNativeTarget "EnigmaKeyboard" */;
			buildPhases = (
				05211C471A72D16E00660739 /* Sources */,
				05211C481A72D16E00660739 /* Frameworks */,
				05211C491A72D16E00660739 /* Resources */,
			);
			buildRules = (
			);
			dependencies = (
			);
			name = EnigmaKeyboard;
			productName = EnigmaKeyboard;
			productReference = 05211C4B1A72D16E00660739 /* EnigmaKeyboard.appex */;
			productType = "com.apple.product-type.app-extension";
		};
/* End PBXNativeTarget section */

/* Begin PBXProject section */
		029226FC1A71D9D900A7DD81 /* Project object */ = {
			isa = PBXProject;
			attributes = {
				LastUpgradeCheck = 0610;
				ORGANIZATIONNAME = "Flipped Bit";
				TargetAttributes = {
					029227031A71D9D900A7DD81 = {
						CreatedOnToolsVersion = 6.1.1;
					};
					029227181A71D9D900A7DD81 = {
						CreatedOnToolsVersion = 6.1.1;
						TestTargetID = 029227031A71D9D900A7DD81;
					};
					05211C4A1A72D16E00660739 = {
						CreatedOnToolsVersion = 6.1.1;
					};
				};
			};
			buildConfigurationList = 029226FF1A71D9D900A7DD81 /* Build configuration list for PBXProject "Enigma" */;
			compatibilityVersion = "Xcode 3.2";
			developmentRegion = English;
			hasScannedForEncodings = 0;
			knownRegions = (
				en,
				Base,
			);
			mainGroup = 029226FB1A71D9D900A7DD81;
			productRefGroup = 029227051A71D9D900A7DD81 /* Products */;
			projectDirPath = "";
			projectRoot = "";
			targets = (
				029227031A71D9D900A7DD81 /* Enigma */,
				029227181A71D9D900A7DD81 /* EnigmaTests */,
				05211C4A1A72D16E00660739 /* EnigmaKeyboard */,
			);
		};
/* End PBXProject section */

/* Begin PBXResourcesBuildPhase section */
		029227021A71D9D900A7DD81 /* Resources */ = {
			isa = PBXResourcesBuildPhase;
			buildActionMask = 2147483647;
			files = (
				0292270F1A71D9D900A7DD81 /* Main.storyboard in Resources */,
				029227141A71D9D900A7DD81 /* LaunchScreen.xib in Resources */,
				029227111A71D9D900A7DD81 /* Images.xcassets in Resources */,
			);
			runOnlyForDeploymentPostprocessing = 0;
		};
		029227171A71D9D900A7DD81 /* Resources */ = {
			isa = PBXResourcesBuildPhase;
			buildActionMask = 2147483647;
			files = (
			);
			runOnlyForDeploymentPostprocessing = 0;
		};
		05211C491A72D16E00660739 /* Resources */ = {
			isa = PBXResourcesBuildPhase;
			buildActionMask = 2147483647;
			files = (
			);
			runOnlyForDeploymentPostprocessing = 0;
		};
/* End PBXResourcesBuildPhase section */

/* Begin PBXSourcesBuildPhase section */
		029227001A71D9D900A7DD81 /* Sources */ = {
			isa = PBXSourcesBuildPhase;
			buildActionMask = 2147483647;
			files = (
				021AE2EC1A7D708E00DF13F0 /* Ceasar.c in Sources */,
				021AE2E81A7D6F9700DF13F0 /* EncrytionFramework.m in Sources */,
				0292270C1A71D9D900A7DD81 /* ViewController.swift in Sources */,
				0292270A1A71D9D900A7DD81 /* AppDelegate.swift in Sources */,
				021AE2F21A7D7B9F00DF13F0 /* SimpleSub.c in Sources */,
				021AE2EF1A7D76FD00DF13F0 /* Affine.c in Sources */,
			);
			runOnlyForDeploymentPostprocessing = 0;
		};
		029227151A71D9D900A7DD81 /* Sources */ = {
			isa = PBXSourcesBuildPhase;
			buildActionMask = 2147483647;
			files = (
				029227201A71D9D900A7DD81 /* EnigmaTests.swift in Sources */,
			);
			runOnlyForDeploymentPostprocessing = 0;
		};
		05211C471A72D16E00660739 /* Sources */ = {
			isa = PBXSourcesBuildPhase;
			buildActionMask = 2147483647;
			files = (
				05211C501A72D16E00660739 /* KeyboardViewController.swift in Sources */,
			);
			runOnlyForDeploymentPostprocessing = 0;
		};
/* End PBXSourcesBuildPhase section */

/* Begin PBXTargetDependency section */
		0292271B1A71D9D900A7DD81 /* PBXTargetDependency */ = {
			isa = PBXTargetDependency;
			target = 029227031A71D9D900A7DD81 /* Enigma */;
			targetProxy = 0292271A1A71D9D900A7DD81 /* PBXContainerItemProxy */;
		};
		05211C521A72D16E00660739 /* PBXTargetDependency */ = {
			isa = PBXTargetDependency;
			target = 05211C4A1A72D16E00660739 /* EnigmaKeyboard */;
			targetProxy = 05211C511A72D16E00660739 /* PBXContainerItemProxy */;
		};
/* End PBXTargetDependency section */

/* Begin PBXVariantGroup section */
		0292270D1A71D9D900A7DD81 /* Main.storyboard */ = {
			isa = PBXVariantGroup;
			children = (
				0292270E1A71D9D900A7DD81 /* Base */,
			);
			name = Main.storyboard;
			sourceTree = "<group>";
		};
		029227121A71D9D900A7DD81 /* LaunchScreen.xib */ = {
			isa = PBXVariantGroup;
			children = (
				029227131A71D9D900A7DD81 /* Base */,
			);
			name = LaunchScreen.xib;
			sourceTree = "<group>";
		};
/* End PBXVariantGroup section */

/* Begin XCBuildConfiguration section */
		029227211A71D9D900A7DD81 /* Debug */ = {
			isa = XCBuildConfiguration;
			buildSettings = {
				ALWAYS_SEARCH_USER_PATHS = NO;
				CLANG_CXX_LANGUAGE_STANDARD = "gnu++0x";
				CLANG_CXX_LIBRARY = "libc++";
				CLANG_ENABLE_MODULES = YES;
				CLANG_ENABLE_OBJC_ARC = YES;
				CLANG_WARN_BOOL_CONVERSION = YES;
				CLANG_WARN_CONSTANT_CONVERSION = YES;
				CLANG_WARN_DIRECT_OBJC_ISA_USAGE = YES_ERROR;
				CLANG_WARN_EMPTY_BODY = YES;
				CLANG_WARN_ENUM_CONVERSION = YES;
				CLANG_WARN_INT_CONVERSION = YES;
				CLANG_WARN_OBJC_ROOT_CLASS = YES_ERROR;
				CLANG_WARN_UNREACHABLE_CODE = YES;
				CLANG_WARN__DUPLICATE_METHOD_MATCH = YES;
				"CODE_SIGN_IDENTITY[sdk=iphoneos*]" = "iPhone Developer";
				COPY_PHASE_STRIP = NO;
				ENABLE_STRICT_OBJC_MSGSEND = YES;
				GCC_C_LANGUAGE_STANDARD = gnu99;
				GCC_DYNAMIC_NO_PIC = NO;
				GCC_OPTIMIZATION_LEVEL = 0;
				GCC_PREPROCESSOR_DEFINITIONS = (
					"DEBUG=1",
					"$(inherited)",
				);
				GCC_SYMBOLS_PRIVATE_EXTERN = NO;
				GCC_WARN_64_TO_32_BIT_CONVERSION = YES;
				GCC_WARN_ABOUT_RETURN_TYPE = YES_ERROR;
				GCC_WARN_UNDECLARED_SELECTOR = YES;
				GCC_WARN_UNINITIALIZED_AUTOS = YES_AGGRESSIVE;
				GCC_WARN_UNUSED_FUNCTION = YES;
				GCC_WARN_UNUSED_VARIABLE = YES;
				IPHONEOS_DEPLOYMENT_TARGET = 8.1;
				MTL_ENABLE_DEBUG_INFO = YES;
				ONLY_ACTIVE_ARCH = YES;
				SDKROOT = iphoneos;
				SWIFT_OPTIMIZATION_LEVEL = "-Onone";
				TARGETED_DEVICE_FAMILY = "1,2";
			};
			name = Debug;
		};
		029227221A71D9D900A7DD81 /* Release */ = {
			isa = XCBuildConfiguration;
			buildSettings = {
				ALWAYS_SEARCH_USER_PATHS = NO;
				CLANG_CXX_LANGUAGE_STANDARD = "gnu++0x";
				CLANG_CXX_LIBRARY = "libc++";
				CLANG_ENABLE_MODULES = YES;
				CLANG_ENABLE_OBJC_ARC = YES;
				CLANG_WARN_BOOL_CONVERSION = YES;
				CLANG_WARN_CONSTANT_CONVERSION = YES;
				CLANG_WARN_DIRECT_OBJC_ISA_USAGE = YES_ERROR;
				CLANG_WARN_EMPTY_BODY = YES;
				CLANG_WARN_ENUM_CONVERSION = YES;
				CLANG_WARN_INT_CONVERSION = YES;
				CLANG_WARN_OBJC_ROOT_CLASS = YES_ERROR;
				CLANG_WARN_UNREACHABLE_CODE = YES;
				CLANG_WARN__DUPLICATE_METHOD_MATCH = YES;
				"CODE_SIGN_IDENTITY[sdk=iphoneos*]" = "iPhone Developer";
				COPY_PHASE_STRIP = YES;
				ENABLE_NS_ASSERTIONS = NO;
				ENABLE_STRICT_OBJC_MSGSEND = YES;
				GCC_C_LANGUAGE_STANDARD = gnu99;
				GCC_WARN_64_TO_32_BIT_CONVERSION = YES;
				GCC_WARN_ABOUT_RETURN_TYPE = YES_ERROR;
				GCC_WARN_UNDECLARED_SELECTOR = YES;
				GCC_WARN_UNINITIALIZED_AUTOS = YES_AGGRESSIVE;
				GCC_WARN_UNUSED_FUNCTION = YES;
				GCC_WARN_UNUSED_VARIABLE = YES;
				IPHONEOS_DEPLOYMENT_TARGET = 8.1;
				MTL_ENABLE_DEBUG_INFO = NO;
				SDKROOT = iphoneos;
				TARGETED_DEVICE_FAMILY = "1,2";
				VALIDATE_PRODUCT = YES;
			};
			name = Release;
		};
		029227241A71D9D900A7DD81 /* Debug */ = {
			isa = XCBuildConfiguration;
			buildSettings = {
				ASSETCATALOG_COMPILER_APPICON_NAME = AppIcon;
				CLANG_ENABLE_MODULES = YES;
				EMBEDDED_CONTENT_CONTAINS_SWIFT = YES;
				INFOPLIST_FILE = Enigma/Info.plist;
				LD_RUNPATH_SEARCH_PATHS = "$(inherited) @executable_path/Frameworks";
				PRODUCT_NAME = "$(TARGET_NAME)";
				SWIFT_OBJC_BRIDGING_HEADER = "Enigma/Enigma-Bridging-Header.h";
				SWIFT_OPTIMIZATION_LEVEL = "-Onone";
			};
			name = Debug;
		};
		029227251A71D9D900A7DD81 /* Release */ = {
			isa = XCBuildConfiguration;
			buildSettings = {
				ASSETCATALOG_COMPILER_APPICON_NAME = AppIcon;
				CLANG_ENABLE_MODULES = YES;
				EMBEDDED_CONTENT_CONTAINS_SWIFT = YES;
				INFOPLIST_FILE = Enigma/Info.plist;
				LD_RUNPATH_SEARCH_PATHS = "$(inherited) @executable_path/Frameworks";
				PRODUCT_NAME = "$(TARGET_NAME)";
				SWIFT_OBJC_BRIDGING_HEADER = "Enigma/Enigma-Bridging-Header.h";
			};
			name = Release;
		};
		029227271A71D9D900A7DD81 /* Debug */ = {
			isa = XCBuildConfiguration;
			buildSettings = {
				BUNDLE_LOADER = "$(TEST_HOST)";
				FRAMEWORK_SEARCH_PATHS = (
					"$(SDKROOT)/Developer/Library/Frameworks",
					"$(inherited)",
				);
				GCC_PREPROCESSOR_DEFINITIONS = (
					"DEBUG=1",
					"$(inherited)",
				);
				INFOPLIST_FILE = EnigmaTests/Info.plist;
				LD_RUNPATH_SEARCH_PATHS = "$(inherited) @executable_path/Frameworks @loader_path/Frameworks";
				PRODUCT_NAME = "$(TARGET_NAME)";
				TEST_HOST = "$(BUILT_PRODUCTS_DIR)/Enigma.app/Enigma";
			};
			name = Debug;
		};
		029227281A71D9D900A7DD81 /* Release */ = {
			isa = XCBuildConfiguration;
			buildSettings = {
				BUNDLE_LOADER = "$(TEST_HOST)";
				FRAMEWORK_SEARCH_PATHS = (
					"$(SDKROOT)/Developer/Library/Frameworks",
					"$(inherited)",
				);
				INFOPLIST_FILE = EnigmaTests/Info.plist;
				LD_RUNPATH_SEARCH_PATHS = "$(inherited) @executable_path/Frameworks @loader_path/Frameworks";
				PRODUCT_NAME = "$(TARGET_NAME)";
				TEST_HOST = "$(BUILT_PRODUCTS_DIR)/Enigma.app/Enigma";
			};
			name = Release;
		};
		05211C541A72D16E00660739 /* Debug */ = {
			isa = XCBuildConfiguration;
			buildSettings = {
				CODE_SIGN_IDENTITY = "iPhone Developer";
				"CODE_SIGN_IDENTITY[sdk=iphoneos*]" = "iPhone Developer";
				GCC_PREPROCESSOR_DEFINITIONS = (
					"DEBUG=1",
					"$(inherited)",
				);
				INFOPLIST_FILE = EnigmaKeyboard/Info.plist;
				LD_RUNPATH_SEARCH_PATHS = "$(inherited) @executable_path/Frameworks @executable_path/../../Frameworks";
				PRODUCT_NAME = "$(TARGET_NAME)";
				PROVISIONING_PROFILE = "";
				SKIP_INSTALL = YES;
			};
			name = Debug;
		};
		05211C551A72D16E00660739 /* Release */ = {
			isa = XCBuildConfiguration;
			buildSettings = {
				CODE_SIGN_IDENTITY = "iPhone Developer";
				"CODE_SIGN_IDENTITY[sdk=iphoneos*]" = "iPhone Developer";
				INFOPLIST_FILE = EnigmaKeyboard/Info.plist;
				LD_RUNPATH_SEARCH_PATHS = "$(inherited) @executable_path/Frameworks @executable_path/../../Frameworks";
				PRODUCT_NAME = "$(TARGET_NAME)";
				PROVISIONING_PROFILE = "";
				SKIP_INSTALL = YES;
			};
			name = Release;
		};
/* End XCBuildConfiguration section */

/* Begin XCConfigurationList section */
		029226FF1A71D9D900A7DD81 /* Build configuration list for PBXProject "Enigma" */ = {
			isa = XCConfigurationList;
			buildConfigurations = (
				029227211A71D9D900A7DD81 /* Debug */,
				029227221A71D9D900A7DD81 /* Release */,
			);
			defaultConfigurationIsVisible = 0;
			defaultConfigurationName = Release;
		};
		029227231A71D9D900A7DD81 /* Build configuration list for PBXNativeTarget "Enigma" */ = {
			isa = XCConfigurationList;
			buildConfigurations = (
				029227241A71D9D900A7DD81 /* Debug */,
				029227251A71D9D900A7DD81 /* Release */,
			);
			defaultConfigurationIsVisible = 0;
			defaultConfigurationName = Release;
		};
		029227261A71D9D900A7DD81 /* Build configuration list for PBXNativeTarget "EnigmaTests" */ = {
			isa = XCConfigurationList;
			buildConfigurations = (
				029227271A71D9D900A7DD81 /* Debug */,
				029227281A71D9D900A7DD81 /* Release */,
			);
			defaultConfigurationIsVisible = 0;
			defaultConfigurationName = Release;
		};
		05211C561A72D16E00660739 /* Build configuration list for PBXNativeTarget "EnigmaKeyboard" */ = {
			isa = XCConfigurationList;
			buildConfigurations = (
				05211C541A72D16E00660739 /* Debug */,
				05211C551A72D16E00660739 /* Release */,
			);
			defaultConfigurationIsVisible = 0;
			defaultConfigurationName = Release;
		};
/* End XCConfigurationList section */
	};
	rootObject = 029226FC1A71D9D900A7DD81 /* Project object */;
}
